
Microsoft Visual Studio Solution File, Format Version 12.00
# Visual Studio Version 17
VisualStudioVersion = 17.9.34616.47
MinimumVisualStudioVersion = 10.0.40219.1
Project("{FAE04EC0-301F-11D3-BF4B-00C04F79EFBC}") = "Lab4", "Lab4.csproj", "{DBF01513-43C3-4456-8C16-F0CE08370841}"
EndProject
Global
	GlobalSection(SolutionConfigurationPlatforms) = preSolution
		Debug|Any CPU = Debug|Any CPU
		Release|Any CPU = Release|Any CPU
	EndGlobalSection
	GlobalSection(ProjectConfigurationPlatforms) = postSolution
		{DBF01513-43C3-4456-8C16-F0CE08370841}.Debug|Any CPU.ActiveCfg = Debug|Any CPU
		{DBF01513-43C3-4456-8C16-F0CE08370841}.Debug|Any CPU.Build.0 = Debug|Any CPU
		{DBF01513-43C3-4456-8C16-F0CE08370841}.Release|Any CPU.ActiveCfg = Release|Any CPU
		{DBF01513-43C3-4456-8C16-F0CE08370841}.Release|Any CPU.Build.0 = Release|Any CPU
	EndGlobalSection
	GlobalSection(SolutionProperties) = preSolution
		HideSolutionNode = FALSE
	EndGlobalSection
	GlobalSection(ExtensibilityGlobals) = postSolution
		SolutionGuid = {39CE8EBE-0FC9-4557-A4C4-6A207E30A976}
	EndGlobalSection
EndGlobal
